// !$*UTF8*$!
{
	archiveVersion = 1;
	classes = {
	};
	objectVersion = 56;
	objects = {

/* Begin PBXBuildFile section */
		34ED3B532BDF4A2300459DF6 /* HelpView.swift in Sources */ = {isa = PBXBuildFile; fileRef = 34ED3B522BDF4A2300459DF6 /* HelpView.swift */; };
		34ED3B552BDF5F8100459DF6 /* NumPadButtonView.swift in Sources */ = {isa = PBXBuildFile; fileRef = 34ED3B542BDF5F8100459DF6 /* NumPadButtonView.swift */; };
		34ED3B572BDF8A1300459DF6 /* NumPadView.swift in Sources */ = {isa = PBXBuildFile; fileRef = 34ED3B562BDF8A1200459DF6 /* NumPadView.swift */; };
		34F670E72BD8E833003D0A2E /* GesturCalcV2App.swift in Sources */ = {isa = PBXBuildFile; fileRef = 34F670E62BD8E833003D0A2E /* GesturCalcV2App.swift */; };
		34F670E92BD8E833003D0A2E /* ContentView.swift in Sources */ = {isa = PBXBuildFile; fileRef = 34F670E82BD8E833003D0A2E /* ContentView.swift */; };
		34F670EB2BD8E834003D0A2E /* Assets.xcassets in Resources */ = {isa = PBXBuildFile; fileRef = 34F670EA2BD8E834003D0A2E /* Assets.xcassets */; };
		34F670EE2BD8E834003D0A2E /* Preview Assets.xcassets in Resources */ = {isa = PBXBuildFile; fileRef = 34F670ED2BD8E834003D0A2E /* Preview Assets.xcassets */; };
		34F670F82BD8E835003D0A2E /* GesturCalcV2Tests.swift in Sources */ = {isa = PBXBuildFile; fileRef = 34F670F72BD8E835003D0A2E /* GesturCalcV2Tests.swift */; };
		34F671022BD8E835003D0A2E /* GesturCalcV2UITests.swift in Sources */ = {isa = PBXBuildFile; fileRef = 34F671012BD8E835003D0A2E /* GesturCalcV2UITests.swift */; };
		34F671042BD8E835003D0A2E /* GesturCalcV2UITestsLaunchTests.swift in Sources */ = {isa = PBXBuildFile; fileRef = 34F671032BD8E835003D0A2E /* GesturCalcV2UITestsLaunchTests.swift */; };
/* End PBXBuildFile section */

/* Begin PBXContainerItemProxy section */
		34F670F42BD8E835003D0A2E /* PBXContainerItemProxy */ = {
			isa = PBXContainerItemProxy;
			containerPortal = 34F670DB2BD8E833003D0A2E /* Project object */;
			proxyType = 1;
			remoteGlobalIDString = 34F670E22BD8E833003D0A2E;
			remoteInfo = GesturCalcV2;
		};
		34F670FE2BD8E835003D0A2E /* PBXContainerItemProxy */ = {
			isa = PBXContainerItemProxy;
			containerPortal = 34F670DB2BD8E833003D0A2E /* Project object */;
			proxyType = 1;
			remoteGlobalIDString = 34F670E22BD8E833003D0A2E;
			remoteInfo = GesturCalcV2;
		};
/* End PBXContainerItemProxy section */

/* Begin PBXFileReference section */
		34ED3B522BDF4A2300459DF6 /* HelpView.swift */ = {isa = PBXFileReference; lastKnownFileType = sourcecode.swift; path = HelpView.swift; sourceTree = "<group>"; };
		34ED3B542BDF5F8100459DF6 /* NumPadButtonView.swift */ = {isa = PBXFileReference; lastKnownFileType = sourcecode.swift; path = NumPadButtonView.swift; sourceTree = "<group>"; };
		34ED3B562BDF8A1200459DF6 /* NumPadView.swift */ = {isa = PBXFileReference; lastKnownFileType = sourcecode.swift; path = NumPadView.swift; sourceTree = "<group>"; };
		34F670E32BD8E833003D0A2E /* GesturCalcV2.app */ = {isa = PBXFileReference; explicitFileType = wrapper.application; includeInIndex = 0; path = GesturCalcV2.app; sourceTree = BUILT_PRODUCTS_DIR; };
		34F670E62BD8E833003D0A2E /* GesturCalcV2App.swift */ = {isa = PBXFileReference; lastKnownFileType = sourcecode.swift; path = GesturCalcV2App.swift; sourceTree = "<group>"; };
		34F670E82BD8E833003D0A2E /* ContentView.swift */ = {isa = PBXFileReference; lastKnownFileType = sourcecode.swift; path = ContentView.swift; sourceTree = "<group>"; };
		34F670EA2BD8E834003D0A2E /* Assets.xcassets */ = {isa = PBXFileReference; lastKnownFileType = folder.assetcatalog; path = Assets.xcassets; sourceTree = "<group>"; };
		34F670ED2BD8E834003D0A2E /* Preview Assets.xcassets */ = {isa = PBXFileReference; lastKnownFileType = folder.assetcatalog; path = "Preview Assets.xcassets"; sourceTree = "<group>"; };
		34F670F32BD8E835003D0A2E /* GesturCalcV2Tests.xctest */ = {isa = PBXFileReference; explicitFileType = wrapper.cfbundle; includeInIndex = 0; path = GesturCalcV2Tests.xctest; sourceTree = BUILT_PRODUCTS_DIR; };
		34F670F72BD8E835003D0A2E /* GesturCalcV2Tests.swift */ = {isa = PBXFileReference; lastKnownFileType = sourcecode.swift; path = GesturCalcV2Tests.swift; sourceTree = "<group>"; };
		34F670FD2BD8E835003D0A2E /* GesturCalcV2UITests.xctest */ = {isa = PBXFileReference; explicitFileType = wrapper.cfbundle; includeInIndex = 0; path = GesturCalcV2UITests.xctest; sourceTree = BUILT_PRODUCTS_DIR; };
		34F671012BD8E835003D0A2E /* GesturCalcV2UITests.swift */ = {isa = PBXFileReference; lastKnownFileType = sourcecode.swift; path = GesturCalcV2UITests.swift; sourceTree = "<group>"; };
		34F671032BD8E835003D0A2E /* GesturCalcV2UITestsLaunchTests.swift */ = {isa = PBXFileReference; lastKnownFileType = sourcecode.swift; path = GesturCalcV2UITestsLaunchTests.swift; sourceTree = "<group>"; };
/* End PBXFileReference section */

/* Begin PBXFrameworksBuildPhase section */
		34F670E02BD8E833003D0A2E /* Frameworks */ = {
			isa = PBXFrameworksBuildPhase;
			buildActionMask = 2147483647;
			files = (
			);
			runOnlyForDeploymentPostprocessing = 0;
		};
		34F670F02BD8E835003D0A2E /* Frameworks */ = {
			isa = PBXFrameworksBuildPhase;
			buildActionMask = 2147483647;
			files = (
			);
			runOnlyForDeploymentPostprocessing = 0;
		};
		34F670FA2BD8E835003D0A2E /* Frameworks */ = {
			isa = PBXFrameworksBuildPhase;
			buildActionMask = 2147483647;
			files = (
			);
			runOnlyForDeploymentPostprocessing = 0;
		};
/* End PBXFrameworksBuildPhase section */

/* Begin PBXGroup section */
		34F670DA2BD8E833003D0A2E = {
			isa = PBXGroup;
			children = (
				34F670E52BD8E833003D0A2E /* GesturCalcV2 */,
				34F670F62BD8E835003D0A2E /* GesturCalcV2Tests */,
				34F671002BD8E835003D0A2E /* GesturCalcV2UITests */,
				34F670E42BD8E833003D0A2E /* Products */,
			);
			sourceTree = "<group>";
		};
		34F670E42BD8E833003D0A2E /* Products */ = {
			isa = PBXGroup;
			children = (
				34F670E32BD8E833003D0A2E /* GesturCalcV2.app */,
				34F670F32BD8E835003D0A2E /* GesturCalcV2Tests.xctest */,
				34F670FD2BD8E835003D0A2E /* GesturCalcV2UITests.xctest */,
			);
			name = Products;
			sourceTree = "<group>";
		};
		34F670E52BD8E833003D0A2E /* GesturCalcV2 */ = {
			isa = PBXGroup;
			children = (
				34F670E62BD8E833003D0A2E /* GesturCalcV2App.swift */,
				34F670E82BD8E833003D0A2E /* ContentView.swift */,
				34ED3B562BDF8A1200459DF6 /* NumPadView.swift */,
				34ED3B542BDF5F8100459DF6 /* NumPadButtonView.swift */,
				34ED3B522BDF4A2300459DF6 /* HelpView.swift */,
				34F670EA2BD8E834003D0A2E /* Assets.xcassets */,
				34F670EC2BD8E834003D0A2E /* Preview Content */,
			);
			path = GesturCalcV2;
			sourceTree = "<group>";
		};
		34F670EC2BD8E834003D0A2E /* Preview Content */ = {
			isa = PBXGroup;
			children = (
				34F670ED2BD8E834003D0A2E /* Preview Assets.xcassets */,
			);
			path = "Preview Content";
			sourceTree = "<group>";
		};
		34F670F62BD8E835003D0A2E /* GesturCalcV2Tests */ = {
			isa = PBXGroup;
			children = (
				34F670F72BD8E835003D0A2E /* GesturCalcV2Tests.swift */,
			);
			path = GesturCalcV2Tests;
			sourceTree = "<group>";
		};
		34F671002BD8E835003D0A2E /* GesturCalcV2UITests */ = {
			isa = PBXGroup;
			children = (
				34F671012BD8E835003D0A2E /* GesturCalcV2UITests.swift */,
				34F671032BD8E835003D0A2E /* GesturCalcV2UITestsLaunchTests.swift */,
			);
			path = GesturCalcV2UITests;
			sourceTree = "<group>";
		};
/* End PBXGroup section */

/* Begin PBXNativeTarget section */
		34F670E22BD8E833003D0A2E /* GesturCalcV2 */ = {
			isa = PBXNativeTarget;
			buildConfigurationList = 34F671072BD8E835003D0A2E /* Build configuration list for PBXNativeTarget "GesturCalcV2" */;
			buildPhases = (
				34F670DF2BD8E833003D0A2E /* Sources */,
				34F670E02BD8E833003D0A2E /* Frameworks */,
				34F670E12BD8E833003D0A2E /* Resources */,
			);
			buildRules = (
			);
			dependencies = (
			);
			name = GesturCalcV2;
			productName = GesturCalcV2;
			productReference = 34F670E32BD8E833003D0A2E /* GesturCalcV2.app */;
			productType = "com.apple.product-type.application";
		};
		34F670F22BD8E835003D0A2E /* GesturCalcV2Tests */ = {
			isa = PBXNativeTarget;
			buildConfigurationList = 34F6710A2BD8E835003D0A2E /* Build configuration list for PBXNativeTarget "GesturCalcV2Tests" */;
			buildPhases = (
				34F670EF2BD8E835003D0A2E /* Sources */,
				34F670F02BD8E835003D0A2E /* Frameworks */,
				34F670F12BD8E835003D0A2E /* Resources */,
			);
			buildRules = (
			);
			dependencies = (
				34F670F52BD8E835003D0A2E /* PBXTargetDependency */,
			);
			name = GesturCalcV2Tests;
			productName = GesturCalcV2Tests;
			productReference = 34F670F32BD8E835003D0A2E /* GesturCalcV2Tests.xctest */;
			productType = "com.apple.product-type.bundle.unit-test";
		};
		34F670FC2BD8E835003D0A2E /* GesturCalcV2UITests */ = {
			isa = PBXNativeTarget;
			buildConfigurationList = 34F6710D2BD8E835003D0A2E /* Build configuration list for PBXNativeTarget "GesturCalcV2UITests" */;
			buildPhases = (
				34F670F92BD8E835003D0A2E /* Sources */,
				34F670FA2BD8E835003D0A2E /* Frameworks */,
				34F670FB2BD8E835003D0A2E /* Resources */,
			);
			buildRules = (
			);
			dependencies = (
				34F670FF2BD8E835003D0A2E /* PBXTargetDependency */,
			);
			name = GesturCalcV2UITests;
			productName = GesturCalcV2UITests;
			productReference = 34F670FD2BD8E835003D0A2E /* GesturCalcV2UITests.xctest */;
			productType = "com.apple.product-type.bundle.ui-testing";
		};
/* End PBXNativeTarget section */

/* Begin PBXProject section */
		34F670DB2BD8E833003D0A2E /* Project object */ = {
			isa = PBXProject;
			attributes = {
				BuildIndependentTargetsInParallel = 1;
				LastSwiftUpdateCheck = 1530;
				LastUpgradeCheck = 1530;
				TargetAttributes = {
					34F670E22BD8E833003D0A2E = {
						CreatedOnToolsVersion = 15.3;
					};
					34F670F22BD8E835003D0A2E = {
						CreatedOnToolsVersion = 15.3;
						TestTargetID = 34F670E22BD8E833003D0A2E;
					};
					34F670FC2BD8E835003D0A2E = {
						CreatedOnToolsVersion = 15.3;
						TestTargetID = 34F670E22BD8E833003D0A2E;
					};
				};
			};
			buildConfigurationList = 34F670DE2BD8E833003D0A2E /* Build configuration list for PBXProject "GesturCalcV2" */;
			compatibilityVersion = "Xcode 14.0";
			developmentRegion = en;
			hasScannedForEncodings = 0;
			knownRegions = (
				en,
				Base,
			);
			mainGroup = 34F670DA2BD8E833003D0A2E;
			productRefGroup = 34F670E42BD8E833003D0A2E /* Products */;
			projectDirPath = "";
			projectRoot = "";
			targets = (
				34F670E22BD8E833003D0A2E /* GesturCalcV2 */,
				34F670F22BD8E835003D0A2E /* GesturCalcV2Tests */,
				34F670FC2BD8E835003D0A2E /* GesturCalcV2UITests */,
			);
		};
/* End PBXProject section */

/* Begin PBXResourcesBuildPhase section */
		34F670E12BD8E833003D0A2E /* Resources */ = {
			isa = PBXResourcesBuildPhase;
			buildActionMask = 2147483647;
			files = (
				34F670EE2BD8E834003D0A2E /* Preview Assets.xcassets in Resources */,
				34F670EB2BD8E834003D0A2E /* Assets.xcassets in Resources */,
			);
			runOnlyForDeploymentPostprocessing = 0;
		};
		34F670F12BD8E835003D0A2E /* Resources */ = {
			isa = PBXResourcesBuildPhase;
			buildActionMask = 2147483647;
			files = (
			);
			runOnlyForDeploymentPostprocessing = 0;
		};
		34F670FB2BD8E835003D0A2E /* Resources */ = {
			isa = PBXResourcesBuildPhase;
			buildActionMask = 2147483647;
			files = (
			);
			runOnlyForDeploymentPostprocessing = 0;
		};
/* End PBXResourcesBuildPhase section */

/* Begin PBXSourcesBuildPhase section */
		34F670DF2BD8E833003D0A2E /* Sources */ = {
			isa = PBXSourcesBuildPhase;
			buildActionMask = 2147483647;
			files = (
				34F670E92BD8E833003D0A2E /* ContentView.swift in Sources */,
				34ED3B552BDF5F8100459DF6 /* NumPadButtonView.swift in Sources */,
				34ED3B532BDF4A2300459DF6 /* HelpView.swift in Sources */,
				34ED3B572BDF8A1300459DF6 /* NumPadView.swift in Sources */,
				34F670E72BD8E833003D0A2E /* GesturCalcV2App.swift in Sources */,
			);
			runOnlyForDeploymentPostprocessing = 0;
		};
		34F670EF2BD8E835003D0A2E /* Sources */ = {
			isa = PBXSourcesBuildPhase;
			buildActionMask = 2147483647;
			files = (
				34F670F82BD8E835003D0A2E /* GesturCalcV2Tests.swift in Sources */,
			);
			runOnlyForDeploymentPostprocessing = 0;
		};
		34F670F92BD8E835003D0A2E /* Sources */ = {
			isa = PBXSourcesBuildPhase;
			buildActionMask = 2147483647;
			files = (
				34F671022BD8E835003D0A2E /* GesturCalcV2UITests.swift in Sources */,
				34F671042BD8E835003D0A2E /* GesturCalcV2UITestsLaunchTests.swift in Sources */,
			);
			runOnlyForDeploymentPostprocessing = 0;
		};
/* End PBXSourcesBuildPhase section */

/* Begin PBXTargetDependency section */
		34F670F52BD8E835003D0A2E /* PBXTargetDependency */ = {
			isa = PBXTargetDependency;
			target = 34F670E22BD8E833003D0A2E /* GesturCalcV2 */;
			targetProxy = 34F670F42BD8E835003D0A2E /* PBXContainerItemProxy */;
		};
		34F670FF2BD8E835003D0A2E /* PBXTargetDependency */ = {
			isa = PBXTargetDependency;
			target = 34F670E22BD8E833003D0A2E /* GesturCalcV2 */;
			targetProxy = 34F670FE2BD8E835003D0A2E /* PBXContainerItemProxy */;
		};
/* End PBXTargetDependency section */

/* Begin XCBuildConfiguration section */
		34F671052BD8E835003D0A2E /* Debug */ = {
			isa = XCBuildConfiguration;
			buildSettings = {
				ALWAYS_SEARCH_USER_PATHS = NO;
				ASSETCATALOG_COMPILER_GENERATE_SWIFT_ASSET_SYMBOL_EXTENSIONS = YES;
				CLANG_ANALYZER_NONNULL = YES;
				CLANG_ANALYZER_NUMBER_OBJECT_CONVERSION = YES_AGGRESSIVE;
				CLANG_CXX_LANGUAGE_STANDARD = "gnu++20";
				CLANG_ENABLE_MODULES = YES;
				CLANG_ENABLE_OBJC_ARC = YES;
				CLANG_ENABLE_OBJC_WEAK = YES;
				CLANG_WARN_BLOCK_CAPTURE_AUTORELEASING = YES;
				CLANG_WARN_BOOL_CONVERSION = YES;
				CLANG_WARN_COMMA = YES;
				CLANG_WARN_CONSTANT_CONVERSION = YES;
				CLANG_WARN_DEPRECATED_OBJC_IMPLEMENTATIONS = YES;
				CLANG_WARN_DIRECT_OBJC_ISA_USAGE = YES_ERROR;
				CLANG_WARN_DOCUMENTATION_COMMENTS = YES;
				CLANG_WARN_EMPTY_BODY = YES;
				CLANG_WARN_ENUM_CONVERSION = YES;
				CLANG_WARN_INFINITE_RECURSION = YES;
				CLANG_WARN_INT_CONVERSION = YES;
				CLANG_WARN_NON_LITERAL_NULL_CONVERSION = YES;
				CLANG_WARN_OBJC_IMPLICIT_RETAIN_SELF = YES;
				CLANG_WARN_OBJC_LITERAL_CONVERSION = YES;
				CLANG_WARN_OBJC_ROOT_CLASS = YES_ERROR;
				CLANG_WARN_QUOTED_INCLUDE_IN_FRAMEWORK_HEADER = YES;
				CLANG_WARN_RANGE_LOOP_ANALYSIS = YES;
				CLANG_WARN_STRICT_PROTOTYPES = YES;
				CLANG_WARN_SUSPICIOUS_MOVE = YES;
				CLANG_WARN_UNGUARDED_AVAILABILITY = YES_AGGRESSIVE;
				CLANG_WARN_UNREACHABLE_CODE = YES;
				CLANG_WARN__DUPLICATE_METHOD_MATCH = YES;
				COPY_PHASE_STRIP = NO;
				DEBUG_INFORMATION_FORMAT = dwarf;
				ENABLE_STRICT_OBJC_MSGSEND = YES;
				ENABLE_TESTABILITY = YES;
				ENABLE_USER_SCRIPT_SANDBOXING = YES;
				GCC_C_LANGUAGE_STANDARD = gnu17;
				GCC_DYNAMIC_NO_PIC = NO;
				GCC_NO_COMMON_BLOCKS = YES;
				GCC_OPTIMIZATION_LEVEL = 0;
				GCC_PREPROCESSOR_DEFINITIONS = (
					"DEBUG=1",
					"$(inherited)",
				);
				GCC_WARN_64_TO_32_BIT_CONVERSION = YES;
				GCC_WARN_ABOUT_RETURN_TYPE = YES_ERROR;
				GCC_WARN_UNDECLARED_SELECTOR = YES;
				GCC_WARN_UNINITIALIZED_AUTOS = YES_AGGRESSIVE;
				GCC_WARN_UNUSED_FUNCTION = YES;
				GCC_WARN_UNUSED_VARIABLE = YES;
				IPHONEOS_DEPLOYMENT_TARGET = 17.4;
				LOCALIZATION_PREFERS_STRING_CATALOGS = YES;
				MTL_ENABLE_DEBUG_INFO = INCLUDE_SOURCE;
				MTL_FAST_MATH = YES;
				ONLY_ACTIVE_ARCH = YES;
				SDKROOT = iphoneos;
				SWIFT_ACTIVE_COMPILATION_CONDITIONS = "DEBUG $(inherited)";
				SWIFT_OPTIMIZATION_LEVEL = "-Onone";
			};
			name = Debug;
		};
		34F671062BD8E835003D0A2E /* Release */ = {
			isa = XCBuildConfiguration;
			buildSettings = {
				ALWAYS_SEARCH_USER_PATHS = NO;
				ASSETCATALOG_COMPILER_GENERATE_SWIFT_ASSET_SYMBOL_EXTENSIONS = YES;
				CLANG_ANALYZER_NONNULL = YES;
				CLANG_ANALYZER_NUMBER_OBJECT_CONVERSION = YES_AGGRESSIVE;
				CLANG_CXX_LANGUAGE_STANDARD = "gnu++20";
				CLANG_ENABLE_MODULES = YES;
				CLANG_ENABLE_OBJC_ARC = YES;
				CLANG_ENABLE_OBJC_WEAK = YES;
				CLANG_WARN_BLOCK_CAPTURE_AUTORELEASING = YES;
				CLANG_WARN_BOOL_CONVERSION = YES;
				CLANG_WARN_COMMA = YES;
				CLANG_WARN_CONSTANT_CONVERSION = YES;
				CLANG_WARN_DEPRECATED_OBJC_IMPLEMENTATIONS = YES;
				CLANG_WARN_DIRECT_OBJC_ISA_USAGE = YES_ERROR;
				CLANG_WARN_DOCUMENTATION_COMMENTS = YES;
				CLANG_WARN_EMPTY_BODY = YES;
				CLANG_WARN_ENUM_CONVERSION = YES;
				CLANG_WARN_INFINITE_RECURSION = YES;
				CLANG_WARN_INT_CONVERSION = YES;
				CLANG_WARN_NON_LITERAL_NULL_CONVERSION = YES;
				CLANG_WARN_OBJC_IMPLICIT_RETAIN_SELF = YES;
				CLANG_WARN_OBJC_LITERAL_CONVERSION = YES;
				CLANG_WARN_OBJC_ROOT_CLASS = YES_ERROR;
				CLANG_WARN_QUOTED_INCLUDE_IN_FRAMEWORK_HEADER = YES;
				CLANG_WARN_RANGE_LOOP_ANALYSIS = YES;
				CLANG_WARN_STRICT_PROTOTYPES = YES;
				CLANG_WARN_SUSPICIOUS_MOVE = YES;
				CLANG_WARN_UNGUARDED_AVAILABILITY = YES_AGGRESSIVE;
				CLANG_WARN_UNREACHABLE_CODE = YES;
				CLANG_WARN__DUPLICATE_METHOD_MATCH = YES;
				COPY_PHASE_STRIP = NO;
				DEBUG_INFORMATION_FORMAT = "dwarf-with-dsym";
				ENABLE_NS_ASSERTIONS = NO;
				ENABLE_STRICT_OBJC_MSGSEND = YES;
				ENABLE_USER_SCRIPT_SANDBOXING = YES;
				GCC_C_LANGUAGE_STANDARD = gnu17;
				GCC_NO_COMMON_BLOCKS = YES;
				GCC_WARN_64_TO_32_BIT_CONVERSION = YES;
				GCC_WARN_ABOUT_RETURN_TYPE = YES_ERROR;
				GCC_WARN_UNDECLARED_SELECTOR = YES;
				GCC_WARN_UNINITIALIZED_AUTOS = YES_AGGRESSIVE;
				GCC_WARN_UNUSED_FUNCTION = YES;
				GCC_WARN_UNUSED_VARIABLE = YES;
				IPHONEOS_DEPLOYMENT_TARGET = 17.4;
				LOCALIZATION_PREFERS_STRING_CATALOGS = YES;
				MTL_ENABLE_DEBUG_INFO = NO;
				MTL_FAST_MATH = YES;
				SDKROOT = iphoneos;
				SWIFT_COMPILATION_MODE = wholemodule;
				VALIDATE_PRODUCT = YES;
			};
			name = Release;
		};
		34F671082BD8E835003D0A2E /* Debug */ = {
			isa = XCBuildConfiguration;
			buildSettings = {
				ASSETCATALOG_COMPILER_APPICON_NAME = AppIcon;
				ASSETCATALOG_COMPILER_GLOBAL_ACCENT_COLOR_NAME = AccentColor;
				CODE_SIGN_STYLE = Automatic;
				CURRENT_PROJECT_VERSION = 1;
				DEVELOPMENT_ASSET_PATHS = "\"GesturCalcV2/Preview Content\"";
				DEVELOPMENT_TEAM = DJ8NDX2RFP;
				ENABLE_PREVIEWS = YES;
				GENERATE_INFOPLIST_FILE = YES;
				INFOPLIST_KEY_UIApplicationSceneManifest_Generation = YES;
				INFOPLIST_KEY_UIApplicationSupportsIndirectInputEvents = YES;
				INFOPLIST_KEY_UILaunchScreen_Generation = YES;
				INFOPLIST_KEY_UISupportedInterfaceOrientations_iPad = "UIInterfaceOrientationPortrait UIInterfaceOrientationPortraitUpsideDown UIInterfaceOrientationLandscapeLeft UIInterfaceOrientationLandscapeRight";
				INFOPLIST_KEY_UISupportedInterfaceOrientations_iPhone = "UIInterfaceOrientationPortrait UIInterfaceOrientationLandscapeLeft UIInterfaceOrientationLandscapeRight";
				LD_RUNPATH_SEARCH_PATHS = (
					"$(inherited)",
					"@executable_path/Frameworks",
				);
				MARKETING_VERSION = 1.0;
				PRODUCT_BUNDLE_IDENTIFIER = com.DavidSabzanov.GesturCalcV2;
				PRODUCT_NAME = "$(TARGET_NAME)";
				SWIFT_EMIT_LOC_STRINGS = YES;
				SWIFT_VERSION = 5.0;
				TARGETED_DEVICE_FAMILY = "1,2";
			};
			name = Debug;
		};
		34F671092BD8E835003D0A2E /* Release */ = {
			isa = XCBuildConfiguration;
			buildSettings = {
				ASSETCATALOG_COMPILER_APPICON_NAME = AppIcon;
				ASSETCATALOG_COMPILER_GLOBAL_ACCENT_COLOR_NAME = AccentColor;
				CODE_SIGN_STYLE = Automatic;
				CURRENT_PROJECT_VERSION = 1;
				DEVELOPMENT_ASSET_PATHS = "\"GesturCalcV2/Preview Content\"";
				DEVELOPMENT_TEAM = DJ8NDX2RFP;
				ENABLE_PREVIEWS = YES;
				GENERATE_INFOPLIST_FILE = YES;
				INFOPLIST_KEY_UIApplicationSceneManifest_Generation = YES;
				INFOPLIST_KEY_UIApplicationSupportsIndirectInputEvents = YES;
				INFOPLIST_KEY_UILaunchScreen_Generation = YES;
				INFOPLIST_KEY_UISupportedInterfaceOrientations_iPad = "UIInterfaceOrientationPortrait UIInterfaceOrientationPortraitUpsideDown UIInterfaceOrientationLandscapeLeft UIInterfaceOrientationLandscapeRight";
				INFOPLIST_KEY_UISupportedInterfaceOrientations_iPhone = "UIInterfaceOrientationPortrait UIInterfaceOrientationLandscapeLeft UIInterfaceOrientationLandscapeRight";
				LD_RUNPATH_SEARCH_PATHS = (
					"$(inherited)",
					"@executable_path/Frameworks",
				);
				MARKETING_VERSION = 1.0;
				PRODUCT_BUNDLE_IDENTIFIER = com.DavidSabzanov.GesturCalcV2;
				PRODUCT_NAME = "$(TARGET_NAME)";
				SWIFT_EMIT_LOC_STRINGS = YES;
				SWIFT_VERSION = 5.0;
				TARGETED_DEVICE_FAMILY = "1,2";
			};
			name = Release;
		};
		34F6710B2BD8E835003D0A2E /* Debug */ = {
			isa = XCBuildConfiguration;
			buildSettings = {
				ALWAYS_EMBED_SWIFT_STANDARD_LIBRARIES = YES;
				BUNDLE_LOADER = "$(TEST_HOST)";
				CODE_SIGN_STYLE = Automatic;
				CURRENT_PROJECT_VERSION = 1;
				DEVELOPMENT_TEAM = DJ8NDX2RFP;
				GENERATE_INFOPLIST_FILE = YES;
				IPHONEOS_DEPLOYMENT_TARGET = 17.4;
				MARKETING_VERSION = 1.0;
				PRODUCT_BUNDLE_IDENTIFIER = com.DavidSabzanov.GesturCalcV2Tests;
				PRODUCT_NAME = "$(TARGET_NAME)";
				SWIFT_EMIT_LOC_STRINGS = NO;
				SWIFT_VERSION = 5.0;
				TARGETED_DEVICE_FAMILY = "1,2";
				TEST_HOST = "$(BUILT_PRODUCTS_DIR)/GesturCalcV2.app/$(BUNDLE_EXECUTABLE_FOLDER_PATH)/GesturCalcV2";
			};
			name = Debug;
		};
		34F6710C2BD8E835003D0A2E /* Release */ = {
			isa = XCBuildConfiguration;
			buildSettings = {
				ALWAYS_EMBED_SWIFT_STANDARD_LIBRARIES = YES;
				BUNDLE_LOADER = "$(TEST_HOST)";
				CODE_SIGN_STYLE = Automatic;
				CURRENT_PROJECT_VERSION = 1;
				DEVELOPMENT_TEAM = DJ8NDX2RFP;
				GENERATE_INFOPLIST_FILE = YES;
				IPHONEOS_DEPLOYMENT_TARGET = 17.4;
				MARKETING_VERSION = 1.0;
				PRODUCT_BUNDLE_IDENTIFIER = com.DavidSabzanov.GesturCalcV2Tests;
				PRODUCT_NAME = "$(TARGET_NAME)";
				SWIFT_EMIT_LOC_STRINGS = NO;
				SWIFT_VERSION = 5.0;
				TARGETED_DEVICE_FAMILY = "1,2";
				TEST_HOST = "$(BUILT_PRODUCTS_DIR)/GesturCalcV2.app/$(BUNDLE_EXECUTABLE_FOLDER_PATH)/GesturCalcV2";
			};
			name = Release;
		};
		34F6710E2BD8E835003D0A2E /* Debug */ = {
			isa = XCBuildConfiguration;
			buildSettings = {
				ALWAYS_EMBED_SWIFT_STANDARD_LIBRARIES = YES;
				CODE_SIGN_STYLE = Automatic;
				CURRENT_PROJECT_VERSION = 1;
				DEVELOPMENT_TEAM = DJ8NDX2RFP;
				GENERATE_INFOPLIST_FILE = YES;
				MARKETING_VERSION = 1.0;
				PRODUCT_BUNDLE_IDENTIFIER = com.DavidSabzanov.GesturCalcV2UITests;
				PRODUCT_NAME = "$(TARGET_NAME)";
				SWIFT_EMIT_LOC_STRINGS = NO;
				SWIFT_VERSION = 5.0;
				TARGETED_DEVICE_FAMILY = "1,2";
				TEST_TARGET_NAME = GesturCalcV2;
			};
			name = Debug;
		};
		34F6710F2BD8E835003D0A2E /* Release */ = {
			isa = XCBuildConfiguration;
			buildSettings = {
				ALWAYS_EMBED_SWIFT_STANDARD_LIBRARIES = YES;
				CODE_SIGN_STYLE = Automatic;
				CURRENT_PROJECT_VERSION = 1;
				DEVELOPMENT_TEAM = DJ8NDX2RFP;
				GENERATE_INFOPLIST_FILE = YES;
				MARKETING_VERSION = 1.0;
				PRODUCT_BUNDLE_IDENTIFIER = com.DavidSabzanov.GesturCalcV2UITests;
				PRODUCT_NAME = "$(TARGET_NAME)";
				SWIFT_EMIT_LOC_STRINGS = NO;
				SWIFT_VERSION = 5.0;
				TARGETED_DEVICE_FAMILY = "1,2";
				TEST_TARGET_NAME = GesturCalcV2;
			};
			name = Release;
		};
/* End XCBuildConfiguration section */

/* Begin XCConfigurationList section */
		34F670DE2BD8E833003D0A2E /* Build configuration list for PBXProject "GesturCalcV2" */ = {
			isa = XCConfigurationList;
			buildConfigurations = (
				34F671052BD8E835003D0A2E /* Debug */,
				34F671062BD8E835003D0A2E /* Release */,
			);
			defaultConfigurationIsVisible = 0;
			defaultConfigurationName = Release;
		};
		34F671072BD8E835003D0A2E /* Build configuration list for PBXNativeTarget "GesturCalcV2" */ = {
			isa = XCConfigurationList;
			buildConfigurations = (
				34F671082BD8E835003D0A2E /* Debug */,
				34F671092BD8E835003D0A2E /* Release */,
			);
			defaultConfigurationIsVisible = 0;
			defaultConfigurationName = Release;
		};
		34F6710A2BD8E835003D0A2E /* Build configuration list for PBXNativeTarget "GesturCalcV2Tests" */ = {
			isa = XCConfigurationList;
			buildConfigurations = (
				34F6710B2BD8E835003D0A2E /* Debug */,
				34F6710C2BD8E835003D0A2E /* Release */,
			);
			defaultConfigurationIsVisible = 0;
			defaultConfigurationName = Release;
		};
		34F6710D2BD8E835003D0A2E /* Build configuration list for PBXNativeTarget "GesturCalcV2UITests" */ = {
			isa = XCConfigurationList;
			buildConfigurations = (
				34F6710E2BD8E835003D0A2E /* Debug */,
				34F6710F2BD8E835003D0A2E /* Release */,
			);
			defaultConfigurationIsVisible = 0;
			defaultConfigurationName = Release;
		};
/* End XCConfigurationList section */
	};
	rootObject = 34F670DB2BD8E833003D0A2E /* Project object */;
}
